// !$*UTF8*$!
{
	archiveVersion = 1;
	classes = {
	};
	objectVersion = 50;
	objects = {

/* Begin PBXBuildFile section */
		3A49F9342508F7320030B451 /* AppDelegate.swift in Sources */ = {isa = PBXBuildFile; fileRef = 3A49F9332508F7320030B451 /* AppDelegate.swift */; };
		3A49F9362508F7320030B451 /* SceneDelegate.swift in Sources */ = {isa = PBXBuildFile; fileRef = 3A49F9352508F7320030B451 /* SceneDelegate.swift */; };
		3A49F9382508F7320030B451 /* ViewController.swift in Sources */ = {isa = PBXBuildFile; fileRef = 3A49F9372508F7320030B451 /* ViewController.swift */; };
		3A49F93B2508F7320030B451 /* Main.storyboard in Resources */ = {isa = PBXBuildFile; fileRef = 3A49F9392508F7320030B451 /* Main.storyboard */; };
		3A49F93D2508F7330030B451 /* Assets.xcassets in Resources */ = {isa = PBXBuildFile; fileRef = 3A49F93C2508F7330030B451 /* Assets.xcassets */; };
		3A49F9402508F7330030B451 /* LaunchScreen.storyboard in Resources */ = {isa = PBXBuildFile; fileRef = 3A49F93E2508F7330030B451 /* LaunchScreen.storyboard */; };
		3A49F94D2508F9390030B451 /* CocktailNetworkManager.swift in Sources */ = {isa = PBXBuildFile; fileRef = 3A49F94C2508F9390030B451 /* CocktailNetworkManager.swift */; };
		3A49F9502508F95F0030B451 /* ViewController+AlertController.swift in Sources */ = {isa = PBXBuildFile; fileRef = 3A49F94F2508F95F0030B451 /* ViewController+AlertController.swift */; };
		3A49F9522508FBDA0030B451 /* ResponseCocktailData.swift in Sources */ = {isa = PBXBuildFile; fileRef = 3A49F9512508FBDA0030B451 /* ResponseCocktailData.swift */; };
		3A49F9542508FF620030B451 /* AllCocktails.swift in Sources */ = {isa = PBXBuildFile; fileRef = 3A49F9532508FF620030B451 /* AllCocktails.swift */; };
		3AC7CBE1250A69B50039EF2A /* CocktailInfoViewController.swift in Sources */ = {isa = PBXBuildFile; fileRef = 3AC7CBE0250A69B50039EF2A /* CocktailInfoViewController.swift */; };
		3AC7CBE5250B62930039EF2A /* CocktailListTableViewController.swift in Sources */ = {isa = PBXBuildFile; fileRef = 3AC7CBE4250B62930039EF2A /* CocktailListTableViewController.swift */; };
		3AC7CBE7250B649A0039EF2A /* CocktailTableViewCell.swift in Sources */ = {isa = PBXBuildFile; fileRef = 3AC7CBE6250B649A0039EF2A /* CocktailTableViewCell.swift */; };
		3AC7CBE9250CF67B0039EF2A /* ImageDownloader.swift in Sources */ = {isa = PBXBuildFile; fileRef = 3AC7CBE8250CF67B0039EF2A /* ImageDownloader.swift */; };
		3AC7CBEB250D02E80039EF2A /* .gitignore in Resources */ = {isa = PBXBuildFile; fileRef = 3AC7CBEA250D02E80039EF2A /* .gitignore */; };
		3AC7CC28250FDE100039EF2A /* Cocktail.swift in Sources */ = {isa = PBXBuildFile; fileRef = 3AC7CC27250FDE100039EF2A /* Cocktail.swift */; };
/* End PBXBuildFile section */

/* Begin PBXFileReference section */
		3A49F9302508F7320030B451 /* CocktailDB.app */ = {isa = PBXFileReference; explicitFileType = wrapper.application; includeInIndex = 0; path = CocktailDB.app; sourceTree = BUILT_PRODUCTS_DIR; };
		3A49F9332508F7320030B451 /* AppDelegate.swift */ = {isa = PBXFileReference; lastKnownFileType = sourcecode.swift; path = AppDelegate.swift; sourceTree = "<group>"; };
		3A49F9352508F7320030B451 /* SceneDelegate.swift */ = {isa = PBXFileReference; lastKnownFileType = sourcecode.swift; path = SceneDelegate.swift; sourceTree = "<group>"; };
		3A49F9372508F7320030B451 /* ViewController.swift */ = {isa = PBXFileReference; lastKnownFileType = sourcecode.swift; path = ViewController.swift; sourceTree = "<group>"; };
		3A49F93A2508F7320030B451 /* Base */ = {isa = PBXFileReference; lastKnownFileType = file.storyboard; name = Base; path = Base.lproj/Main.storyboard; sourceTree = "<group>"; };
		3A49F93C2508F7330030B451 /* Assets.xcassets */ = {isa = PBXFileReference; lastKnownFileType = folder.assetcatalog; path = Assets.xcassets; sourceTree = "<group>"; };
		3A49F93F2508F7330030B451 /* Base */ = {isa = PBXFileReference; lastKnownFileType = file.storyboard; name = Base; path = Base.lproj/LaunchScreen.storyboard; sourceTree = "<group>"; };
		3A49F9412508F7330030B451 /* Info.plist */ = {isa = PBXFileReference; lastKnownFileType = text.plist.xml; path = Info.plist; sourceTree = "<group>"; };
		3A49F94C2508F9390030B451 /* CocktailNetworkManager.swift */ = {isa = PBXFileReference; lastKnownFileType = sourcecode.swift; path = CocktailNetworkManager.swift; sourceTree = "<group>"; };
		3A49F94F2508F95F0030B451 /* ViewController+AlertController.swift */ = {isa = PBXFileReference; lastKnownFileType = sourcecode.swift; path = "ViewController+AlertController.swift"; sourceTree = "<group>"; };
		3A49F9512508FBDA0030B451 /* ResponseCocktailData.swift */ = {isa = PBXFileReference; lastKnownFileType = sourcecode.swift; path = ResponseCocktailData.swift; sourceTree = "<group>"; };
		3A49F9532508FF620030B451 /* AllCocktails.swift */ = {isa = PBXFileReference; lastKnownFileType = sourcecode.swift; path = AllCocktails.swift; sourceTree = "<group>"; };
		3AC7CBE0250A69B50039EF2A /* CocktailInfoViewController.swift */ = {isa = PBXFileReference; lastKnownFileType = sourcecode.swift; path = CocktailInfoViewController.swift; sourceTree = "<group>"; };
		3AC7CBE4250B62930039EF2A /* CocktailListTableViewController.swift */ = {isa = PBXFileReference; lastKnownFileType = sourcecode.swift; path = CocktailListTableViewController.swift; sourceTree = "<group>"; };
		3AC7CBE6250B649A0039EF2A /* CocktailTableViewCell.swift */ = {isa = PBXFileReference; lastKnownFileType = sourcecode.swift; path = CocktailTableViewCell.swift; sourceTree = "<group>"; };
		3AC7CBE8250CF67B0039EF2A /* ImageDownloader.swift */ = {isa = PBXFileReference; lastKnownFileType = sourcecode.swift; path = ImageDownloader.swift; sourceTree = "<group>"; };
		3AC7CBEA250D02E80039EF2A /* .gitignore */ = {isa = PBXFileReference; lastKnownFileType = text; path = .gitignore; sourceTree = "<group>"; };
		3AC7CC27250FDE100039EF2A /* Cocktail.swift */ = {isa = PBXFileReference; lastKnownFileType = sourcecode.swift; path = Cocktail.swift; sourceTree = "<group>"; };
/* End PBXFileReference section */

/* Begin PBXFrameworksBuildPhase section */
		3A49F92D2508F7320030B451 /* Frameworks */ = {
			isa = PBXFrameworksBuildPhase;
			buildActionMask = 2147483647;
			files = (
			);
			runOnlyForDeploymentPostprocessing = 0;
		};
/* End PBXFrameworksBuildPhase section */

/* Begin PBXGroup section */
		3A49F9272508F7320030B451 = {
			isa = PBXGroup;
			children = (
				3AC7CBEA250D02E80039EF2A /* .gitignore */,
				3A49F9322508F7320030B451 /* CocktailDB */,
				3A49F9312508F7320030B451 /* Products */,
			);
			sourceTree = "<group>";
		};
		3A49F9312508F7320030B451 /* Products */ = {
			isa = PBXGroup;
			children = (
				3A49F9302508F7320030B451 /* CocktailDB.app */,
			);
			name = Products;
			sourceTree = "<group>";
		};
		3A49F9322508F7320030B451 /* CocktailDB */ = {
			isa = PBXGroup;
			children = (
				3AC7CC26250FDD8C0039EF2A /* Managers */,
				3A49F94E2508F9430030B451 /* Extensions */,
				3A49F94B2508F7980030B451 /* Model */,
				3A49F9482508F74A0030B451 /* View */,
				3A49F9472508F7400030B451 /* Controller */,
				3A49F9492508F7620030B451 /* Services */,
				3A49F94A2508F7700030B451 /* Resources */,
			);
			path = CocktailDB;
			sourceTree = "<group>";
		};
		3A49F9472508F7400030B451 /* Controller */ = {
			isa = PBXGroup;
			children = (
				3A49F9372508F7320030B451 /* ViewController.swift */,
				3AC7CBE4250B62930039EF2A /* CocktailListTableViewController.swift */,
				3AC7CBE0250A69B50039EF2A /* CocktailInfoViewController.swift */,
			);
			path = Controller;
			sourceTree = "<group>";
		};
		3A49F9482508F74A0030B451 /* View */ = {
			isa = PBXGroup;
			children = (
				3A49F9392508F7320030B451 /* Main.storyboard */,
				3A49F93E2508F7330030B451 /* LaunchScreen.storyboard */,
				3AC7CBE6250B649A0039EF2A /* CocktailTableViewCell.swift */,
			);
			path = View;
			sourceTree = "<group>";
		};
		3A49F9492508F7620030B451 /* Services */ = {
			isa = PBXGroup;
			children = (
				3A49F9332508F7320030B451 /* AppDelegate.swift */,
				3A49F9352508F7320030B451 /* SceneDelegate.swift */,
			);
			path = Services;
			sourceTree = "<group>";
		};
		3A49F94A2508F7700030B451 /* Resources */ = {
			isa = PBXGroup;
			children = (
				3A49F93C2508F7330030B451 /* Assets.xcassets */,
				3A49F9412508F7330030B451 /* Info.plist */,
			);
			path = Resources;
			sourceTree = "<group>";
		};
		3A49F94B2508F7980030B451 /* Model */ = {
			isa = PBXGroup;
			children = (
				3AC7CC29250FE1600039EF2A /* Responses */,
				3A49F9532508FF620030B451 /* AllCocktails.swift */,
				3AC7CC27250FDE100039EF2A /* Cocktail.swift */,
			);
			path = Model;
			sourceTree = "<group>";
		};
		3A49F94E2508F9430030B451 /* Extensions */ = {
			isa = PBXGroup;
			children = (
				3A49F94F2508F95F0030B451 /* ViewController+AlertController.swift */,
			);
			path = Extensions;
			sourceTree = "<group>";
		};
		3AC7CC26250FDD8C0039EF2A /* Managers */ = {
			isa = PBXGroup;
			children = (
				3AC7CBE8250CF67B0039EF2A /* ImageDownloader.swift */,
				3A49F94C2508F9390030B451 /* CocktailNetworkManager.swift */,
			);
			path = Managers;
			sourceTree = "<group>";
		};
		3AC7CC29250FE1600039EF2A /* Responses */ = {
			isa = PBXGroup;
			children = (
				3A49F9512508FBDA0030B451 /* ResponseCocktailData.swift */,
			);
			path = Responses;
			sourceTree = "<group>";
		};
/* End PBXGroup section */

/* Begin PBXNativeTarget section */
		3A49F92F2508F7320030B451 /* CocktailDB */ = {
			isa = PBXNativeTarget;
			buildConfigurationList = 3A49F9442508F7330030B451 /* Build configuration list for PBXNativeTarget "CocktailDB" */;
			buildPhases = (
				3A49F92C2508F7320030B451 /* Sources */,
				3A49F92D2508F7320030B451 /* Frameworks */,
				3A49F92E2508F7320030B451 /* Resources */,
			);
			buildRules = (
			);
			dependencies = (
			);
			name = CocktailDB;
			productName = CocktailDB;
			productReference = 3A49F9302508F7320030B451 /* CocktailDB.app */;
			productType = "com.apple.product-type.application";
		};
/* End PBXNativeTarget section */

/* Begin PBXProject section */
		3A49F9282508F7320030B451 /* Project object */ = {
			isa = PBXProject;
			attributes = {
				LastSwiftUpdateCheck = 1170;
				LastUpgradeCheck = 1170;
				ORGANIZATIONNAME = "Yura Geyts";
				TargetAttributes = {
					3A49F92F2508F7320030B451 = {
						CreatedOnToolsVersion = 11.7;
					};
				};
			};
			buildConfigurationList = 3A49F92B2508F7320030B451 /* Build configuration list for PBXProject "CocktailDB" */;
			compatibilityVersion = "Xcode 9.3";
			developmentRegion = en;
			hasScannedForEncodings = 0;
			knownRegions = (
				en,
				Base,
			);
			mainGroup = 3A49F9272508F7320030B451;
			productRefGroup = 3A49F9312508F7320030B451 /* Products */;
			projectDirPath = "";
			projectRoot = "";
			targets = (
				3A49F92F2508F7320030B451 /* CocktailDB */,
			);
		};
/* End PBXProject section */

/* Begin PBXResourcesBuildPhase section */
		3A49F92E2508F7320030B451 /* Resources */ = {
			isa = PBXResourcesBuildPhase;
			buildActionMask = 2147483647;
			files = (
				3AC7CBEB250D02E80039EF2A /* .gitignore in Resources */,
				3A49F9402508F7330030B451 /* LaunchScreen.storyboard in Resources */,
				3A49F93D2508F7330030B451 /* Assets.xcassets in Resources */,
				3A49F93B2508F7320030B451 /* Main.storyboard in Resources */,
			);
			runOnlyForDeploymentPostprocessing = 0;
		};
/* End PBXResourcesBuildPhase section */

/* Begin PBXSourcesBuildPhase section */
		3A49F92C2508F7320030B451 /* Sources */ = {
			isa = PBXSourcesBuildPhase;
			buildActionMask = 2147483647;
			files = (
				3AC7CBE5250B62930039EF2A /* CocktailListTableViewController.swift in Sources */,
				3AC7CBE1250A69B50039EF2A /* CocktailInfoViewController.swift in Sources */,
				3A49F9502508F95F0030B451 /* ViewController+AlertController.swift in Sources */,
				3AC7CBE7250B649A0039EF2A /* CocktailTableViewCell.swift in Sources */,
				3A49F9382508F7320030B451 /* ViewController.swift in Sources */,
				3A49F9342508F7320030B451 /* AppDelegate.swift in Sources */,
				3AC7CBE9250CF67B0039EF2A /* ImageDownloader.swift in Sources */,
				3A49F94D2508F9390030B451 /* CocktailNetworkManager.swift in Sources */,
				3A49F9542508FF620030B451 /* AllCocktails.swift in Sources */,
				3A49F9362508F7320030B451 /* SceneDelegate.swift in Sources */,
				3AC7CC28250FDE100039EF2A /* Cocktail.swift in Sources */,
				3A49F9522508FBDA0030B451 /* ResponseCocktailData.swift in Sources */,
			);
			runOnlyForDeploymentPostprocessing = 0;
		};
/* End PBXSourcesBuildPhase section */

/* Begin PBXVariantGroup section */
		3A49F9392508F7320030B451 /* Main.storyboard */ = {
			isa = PBXVariantGroup;
			children = (
				3A49F93A2508F7320030B451 /* Base */,
			);
			name = Main.storyboard;
			sourceTree = "<group>";
		};
		3A49F93E2508F7330030B451 /* LaunchScreen.storyboard */ = {
			isa = PBXVariantGroup;
			children = (
				3A49F93F2508F7330030B451 /* Base */,
			);
			name = LaunchScreen.storyboard;
			sourceTree = "<group>";
		};
/* End PBXVariantGroup section */

/* Begin XCBuildConfiguration section */
		3A49F9422508F7330030B451 /* Debug */ = {
			isa = XCBuildConfiguration;
			buildSettings = {
				ALWAYS_SEARCH_USER_PATHS = NO;
				CLANG_ANALYZER_NONNULL = YES;
				CLANG_ANALYZER_NUMBER_OBJECT_CONVERSION = YES_AGGRESSIVE;
				CLANG_CXX_LANGUAGE_STANDARD = "gnu++14";
				CLANG_CXX_LIBRARY = "libc++";
				CLANG_ENABLE_MODULES = YES;
				CLANG_ENABLE_OBJC_ARC = YES;
				CLANG_ENABLE_OBJC_WEAK = YES;
				CLANG_WARN_BLOCK_CAPTURE_AUTORELEASING = YES;
				CLANG_WARN_BOOL_CONVERSION = YES;
				CLANG_WARN_COMMA = YES;
				CLANG_WARN_CONSTANT_CONVERSION = YES;
				CLANG_WARN_DEPRECATED_OBJC_IMPLEMENTATIONS = YES;
				CLANG_WARN_DIRECT_OBJC_ISA_USAGE = YES_ERROR;
				CLANG_WARN_DOCUMENTATION_COMMENTS = YES;
				CLANG_WARN_EMPTY_BODY = YES;
				CLANG_WARN_ENUM_CONVERSION = YES;
				CLANG_WARN_INFINITE_RECURSION = YES;
				CLANG_WARN_INT_CONVERSION = YES;
				CLANG_WARN_NON_LITERAL_NULL_CONVERSION = YES;
				CLANG_WARN_OBJC_IMPLICIT_RETAIN_SELF = YES;
				CLANG_WARN_OBJC_LITERAL_CONVERSION = YES;
				CLANG_WARN_OBJC_ROOT_CLASS = YES_ERROR;
				CLANG_WARN_RANGE_LOOP_ANALYSIS = YES;
				CLANG_WARN_STRICT_PROTOTYPES = YES;
				CLANG_WARN_SUSPICIOUS_MOVE = YES;
				CLANG_WARN_UNGUARDED_AVAILABILITY = YES_AGGRESSIVE;
				CLANG_WARN_UNREACHABLE_CODE = YES;
				CLANG_WARN__DUPLICATE_METHOD_MATCH = YES;
				COPY_PHASE_STRIP = NO;
				DEBUG_INFORMATION_FORMAT = dwarf;
				ENABLE_STRICT_OBJC_MSGSEND = YES;
				ENABLE_TESTABILITY = YES;
				GCC_C_LANGUAGE_STANDARD = gnu11;
				GCC_DYNAMIC_NO_PIC = NO;
				GCC_NO_COMMON_BLOCKS = YES;
				GCC_OPTIMIZATION_LEVEL = 0;
				GCC_PREPROCESSOR_DEFINITIONS = (
					"DEBUG=1",
					"$(inherited)",
				);
				GCC_WARN_64_TO_32_BIT_CONVERSION = YES;
				GCC_WARN_ABOUT_RETURN_TYPE = YES_ERROR;
				GCC_WARN_UNDECLARED_SELECTOR = YES;
				GCC_WARN_UNINITIALIZED_AUTOS = YES_AGGRESSIVE;
				GCC_WARN_UNUSED_FUNCTION = YES;
				GCC_WARN_UNUSED_VARIABLE = YES;
				IPHONEOS_DEPLOYMENT_TARGET = 13.7;
				MTL_ENABLE_DEBUG_INFO = INCLUDE_SOURCE;
				MTL_FAST_MATH = YES;
				ONLY_ACTIVE_ARCH = YES;
				SDKROOT = iphoneos;
				SWIFT_ACTIVE_COMPILATION_CONDITIONS = DEBUG;
				SWIFT_OPTIMIZATION_LEVEL = "-Onone";
			};
			name = Debug;
		};
		3A49F9432508F7330030B451 /* Release */ = {
			isa = XCBuildConfiguration;
			buildSettings = {
				ALWAYS_SEARCH_USER_PATHS = NO;
				CLANG_ANALYZER_NONNULL = YES;
				CLANG_ANALYZER_NUMBER_OBJECT_CONVERSION = YES_AGGRESSIVE;
				CLANG_CXX_LANGUAGE_STANDARD = "gnu++14";
				CLANG_CXX_LIBRARY = "libc++";
				CLANG_ENABLE_MODULES = YES;
				CLANG_ENABLE_OBJC_ARC = YES;
				CLANG_ENABLE_OBJC_WEAK = YES;
				CLANG_WARN_BLOCK_CAPTURE_AUTORELEASING = YES;
				CLANG_WARN_BOOL_CONVERSION = YES;
				CLANG_WARN_COMMA = YES;
				CLANG_WARN_CONSTANT_CONVERSION = YES;
				CLANG_WARN_DEPRECATED_OBJC_IMPLEMENTATIONS = YES;
				CLANG_WARN_DIRECT_OBJC_ISA_USAGE = YES_ERROR;
				CLANG_WARN_DOCUMENTATION_COMMENTS = YES;
				CLANG_WARN_EMPTY_BODY = YES;
				CLANG_WARN_ENUM_CONVERSION = YES;
				CLANG_WARN_INFINITE_RECURSION = YES;
				CLANG_WARN_INT_CONVERSION = YES;
				CLANG_WARN_NON_LITERAL_NULL_CONVERSION = YES;
				CLANG_WARN_OBJC_IMPLICIT_RETAIN_SELF = YES;
				CLANG_WARN_OBJC_LITERAL_CONVERSION = YES;
				CLANG_WARN_OBJC_ROOT_CLASS = YES_ERROR;
				CLANG_WARN_RANGE_LOOP_ANALYSIS = YES;
				CLANG_WARN_STRICT_PROTOTYPES = YES;
				CLANG_WARN_SUSPICIOUS_MOVE = YES;
				CLANG_WARN_UNGUARDED_AVAILABILITY = YES_AGGRESSIVE;
				CLANG_WARN_UNREACHABLE_CODE = YES;
				CLANG_WARN__DUPLICATE_METHOD_MATCH = YES;
				COPY_PHASE_STRIP = NO;
				DEBUG_INFORMATION_FORMAT = "dwarf-with-dsym";
				ENABLE_NS_ASSERTIONS = NO;
				ENABLE_STRICT_OBJC_MSGSEND = YES;
				GCC_C_LANGUAGE_STANDARD = gnu11;
				GCC_NO_COMMON_BLOCKS = YES;
				GCC_WARN_64_TO_32_BIT_CONVERSION = YES;
				GCC_WARN_ABOUT_RETURN_TYPE = YES_ERROR;
				GCC_WARN_UNDECLARED_SELECTOR = YES;
				GCC_WARN_UNINITIALIZED_AUTOS = YES_AGGRESSIVE;
				GCC_WARN_UNUSED_FUNCTION = YES;
				GCC_WARN_UNUSED_VARIABLE = YES;
				IPHONEOS_DEPLOYMENT_TARGET = 13.7;
				MTL_ENABLE_DEBUG_INFO = NO;
				MTL_FAST_MATH = YES;
				SDKROOT = iphoneos;
				SWIFT_COMPILATION_MODE = wholemodule;
				SWIFT_OPTIMIZATION_LEVEL = "-O";
				VALIDATE_PRODUCT = YES;
			};
			name = Release;
		};
		3A49F9452508F7330030B451 /* Debug */ = {
			isa = XCBuildConfiguration;
			buildSettings = {
				ASSETCATALOG_COMPILER_APPICON_NAME = AppIcon;
				CODE_SIGN_STYLE = Automatic;
				DEVELOPMENT_TEAM = R93FX8EKJ9;
				INFOPLIST_FILE = CocktailDB/Resources/Info.plist;
				LD_RUNPATH_SEARCH_PATHS = (
					"$(inherited)",
					"@executable_path/Frameworks",
				);
				PRODUCT_BUNDLE_IDENTIFIER = com.geyts.CocktailDB;
				PRODUCT_NAME = "$(TARGET_NAME)";
				SWIFT_VERSION = 5.0;
				TARGETED_DEVICE_FAMILY = "1,2";
			};
			name = Debug;
		};
		3A49F9462508F7330030B451 /* Release */ = {
			isa = XCBuildConfiguration;
			buildSettings = {
				ASSETCATALOG_COMPILER_APPICON_NAME = AppIcon;
				CODE_SIGN_STYLE = Automatic;
				DEVELOPMENT_TEAM = R93FX8EKJ9;
				INFOPLIST_FILE = CocktailDB/Resources/Info.plist;
				LD_RUNPATH_SEARCH_PATHS = (
					"$(inherited)",
					"@executable_path/Frameworks",
				);
				PRODUCT_BUNDLE_IDENTIFIER = com.geyts.CocktailDB;
				PRODUCT_NAME = "$(TARGET_NAME)";
				SWIFT_VERSION = 5.0;
				TARGETED_DEVICE_FAMILY = "1,2";
			};
			name = Release;
		};
/* End XCBuildConfiguration section */

/* Begin XCConfigurationList section */
		3A49F92B2508F7320030B451 /* Build configuration list for PBXProject "CocktailDB" */ = {
			isa = XCConfigurationList;
			buildConfigurations = (
				3A49F9422508F7330030B451 /* Debug */,
				3A49F9432508F7330030B451 /* Release */,
			);
			defaultConfigurationIsVisible = 0;
			defaultConfigurationName = Release;
		};
		3A49F9442508F7330030B451 /* Build configuration list for PBXNativeTarget "CocktailDB" */ = {
			isa = XCConfigurationList;
			buildConfigurations = (
				3A49F9452508F7330030B451 /* Debug */,
				3A49F9462508F7330030B451 /* Release */,
			);
			defaultConfigurationIsVisible = 0;
			defaultConfigurationName = Release;
		};
/* End XCConfigurationList section */
	};
	rootObject = 3A49F9282508F7320030B451 /* Project object */;
}
